
Microsoft Visual Studio Solution File, Format Version 12.00
Project("{FAE04EC0-301F-11D3-BF4B-00C04F79EFBC}") = "MiniHW-1.Zoo.Domain", "MiniHW-1.Zoo.Domain\MiniHW-1.Zoo.Domain.csproj", "{64BFFC88-AD94-4743-BA4C-47F47034120C}"
EndProject
Project("{FAE04EC0-301F-11D3-BF4B-00C04F79EFBC}") = "MiniHW-1.Zoo", "MiniHW-1.Zoo\MiniHW-1.Zoo.csproj", "{E1AED6DF-447E-4DC0-B8E8-E6FE43CC60E9}"
EndProject
Global
	GlobalSection(SolutionConfigurationPlatforms) = preSolution
		Debug|Any CPU = Debug|Any CPU
		Release|Any CPU = Release|Any CPU
	EndGlobalSection
	GlobalSection(ProjectConfigurationPlatforms) = postSolution
		{64BFFC88-AD94-4743-BA4C-47F47034120C}.Debug|Any CPU.ActiveCfg = Debug|Any CPU
		{64BFFC88-AD94-4743-BA4C-47F47034120C}.Debug|Any CPU.Build.0 = Debug|Any CPU
		{64BFFC88-AD94-4743-BA4C-47F47034120C}.Release|Any CPU.ActiveCfg = Release|Any CPU
		{64BFFC88-AD94-4743-BA4C-47F47034120C}.Release|Any CPU.Build.0 = Release|Any CPU
		{E1AED6DF-447E-4DC0-B8E8-E6FE43CC60E9}.Debug|Any CPU.ActiveCfg = Debug|Any CPU
		{E1AED6DF-447E-4DC0-B8E8-E6FE43CC60E9}.Debug|Any CPU.Build.0 = Debug|Any CPU
		{E1AED6DF-447E-4DC0-B8E8-E6FE43CC60E9}.Release|Any CPU.ActiveCfg = Release|Any CPU
		{E1AED6DF-447E-4DC0-B8E8-E6FE43CC60E9}.Release|Any CPU.Build.0 = Release|Any CPU
	EndGlobalSection
EndGlobal
